
Microsoft Visual Studio Solution File, Format Version 12.00
# Visual Studio Version 17
VisualStudioVersion = 17.0.31903.59
MinimumVisualStudioVersion = 10.0.40219.1
Project("{9A19103F-16F7-4668-BE54-9A1E7A4F7556}") = "FastFrame.Infrastructure", "FastFrame.Infrastructure\FastFrame.Infrastructure.csproj", "{3A75262C-B979-4A64-A70E-16ECBAF5CC84}"
EndProject
Project("{9A19103F-16F7-4668-BE54-9A1E7A4F7556}") = "FastFrame.WebHost", "FastFrame.WebHost\FastFrame.WebHost.csproj", "{E34F668B-0398-4538-9F01-C7F8A5EE9FB6}"
EndProject
Project("{9A19103F-16F7-4668-BE54-9A1E7A4F7556}") = "FastFrame.Entity", "FastFrame.Entity\FastFrame.Entity.csproj", "{B19E9C9A-E35F-45D9-8A2B-941387ECC892}"
EndProject
Project("{9A19103F-16F7-4668-BE54-9A1E7A4F7556}") = "FastFrame.Database", "FastFrame.Database\FastFrame.Database.csproj", "{A6A0AB4F-AA5B-40ED-8D09-D981DF4C645D}"
EndProject
Project("{2150E333-8FDC-42A3-9474-1A3956D46DE8}") = "public", "public", "{5DDE019E-F818-470A-AA6F-95A42B093B9A}"
EndProject
Project("{9A19103F-16F7-4668-BE54-9A1E7A4F7556}") = "FastFrame.Repository", "FastFrame.Repository\FastFrame.Repository.csproj", "{5C775ED6-4182-4471-AFF8-E12B3DF73F27}"
EndProject
Project("{9A19103F-16F7-4668-BE54-9A1E7A4F7556}") = "FastFrame.CodeGenerate", "FastFrame.CodeGenerate\FastFrame.CodeGenerate.csproj", "{0BA0FF0C-ADF8-4FF3-98A6-5729C0CF8FDF}"
EndProject
Project("{9A19103F-16F7-4668-BE54-9A1E7A4F7556}") = "FastFrame.Application", "FastFrame.Application\FastFrame.Application.csproj", "{793E1492-50E8-47E3-9391-BFCE246F9B8F}"
EndProject
Project("{9A19103F-16F7-4668-BE54-9A1E7A4F7556}") = "FastFrame.Test", "FastFrame.Test\FastFrame.Test.csproj", "{4CFA85EB-510C-4FE9-B0D6-E50D5F187374}"
EndProject
Project("{2150E333-8FDC-42A3-9474-1A3956D46DE8}") = "test", "test", "{13A71BB6-3A6C-4AC8-90A7-6698CBD8F4F8}"
EndProject
Project("{2150E333-8FDC-42A3-9474-1A3956D46DE8}") = "src", "src", "{57E1977C-23C8-4AEA-A1B1-36844176A328}"
EndProject
Project("{2150E333-8FDC-42A3-9474-1A3956D46DE8}") = "data", "data", "{F5742FB4-C2D5-4CBD-824C-3372E109778E}"
EndProject
Project("{2150E333-8FDC-42A3-9474-1A3956D46DE8}") = "Solution Items", "Solution Items", "{8EB12ADA-7374-4A36-8206-D8FD204935F3}"
	ProjectSection(SolutionItems) = preProject
		.editorconfig = .editorconfig
		.filenesting.json = .filenesting.json
		FastFrame.WebHost\scripts.ps1 = FastFrame.WebHost\scripts.ps1
	EndProjectSection
EndProject
Global
	GlobalSection(SolutionConfigurationPlatforms) = preSolution
		Debug|Any CPU = Debug|Any CPU
		Release|Any CPU = Release|Any CPU
	EndGlobalSection
	GlobalSection(ProjectConfigurationPlatforms) = postSolution
		{3A75262C-B979-4A64-A70E-16ECBAF5CC84}.Debug|Any CPU.ActiveCfg = Debug|Any CPU
		{3A75262C-B979-4A64-A70E-16ECBAF5CC84}.Debug|Any CPU.Build.0 = Debug|Any CPU
		{3A75262C-B979-4A64-A70E-16ECBAF5CC84}.Release|Any CPU.ActiveCfg = Release|Any CPU
		{3A75262C-B979-4A64-A70E-16ECBAF5CC84}.Release|Any CPU.Build.0 = Release|Any CPU
		{E34F668B-0398-4538-9F01-C7F8A5EE9FB6}.Debug|Any CPU.ActiveCfg = Debug|Any CPU
		{E34F668B-0398-4538-9F01-C7F8A5EE9FB6}.Debug|Any CPU.Build.0 = Debug|Any CPU
		{E34F668B-0398-4538-9F01-C7F8A5EE9FB6}.Release|Any CPU.ActiveCfg = Release|Any CPU
		{E34F668B-0398-4538-9F01-C7F8A5EE9FB6}.Release|Any CPU.Build.0 = Release|Any CPU
		{B19E9C9A-E35F-45D9-8A2B-941387ECC892}.Debug|Any CPU.ActiveCfg = Debug|Any CPU
		{B19E9C9A-E35F-45D9-8A2B-941387ECC892}.Debug|Any CPU.Build.0 = Debug|Any CPU
		{B19E9C9A-E35F-45D9-8A2B-941387ECC892}.Release|Any CPU.ActiveCfg = Release|Any CPU
		{B19E9C9A-E35F-45D9-8A2B-941387ECC892}.Release|Any CPU.Build.0 = Release|Any CPU
		{A6A0AB4F-AA5B-40ED-8D09-D981DF4C645D}.Debug|Any CPU.ActiveCfg = Debug|Any CPU
		{A6A0AB4F-AA5B-40ED-8D09-D981DF4C645D}.Debug|Any CPU.Build.0 = Debug|Any CPU
		{A6A0AB4F-AA5B-40ED-8D09-D981DF4C645D}.Release|Any CPU.ActiveCfg = Release|Any CPU
		{A6A0AB4F-AA5B-40ED-8D09-D981DF4C645D}.Release|Any CPU.Build.0 = Release|Any CPU
		{5C775ED6-4182-4471-AFF8-E12B3DF73F27}.Debug|Any CPU.ActiveCfg = Debug|Any CPU
		{5C775ED6-4182-4471-AFF8-E12B3DF73F27}.Debug|Any CPU.Build.0 = Debug|Any CPU
		{5C775ED6-4182-4471-AFF8-E12B3DF73F27}.Release|Any CPU.ActiveCfg = Release|Any CPU
		{5C775ED6-4182-4471-AFF8-E12B3DF73F27}.Release|Any CPU.Build.0 = Release|Any CPU
		{0BA0FF0C-ADF8-4FF3-98A6-5729C0CF8FDF}.Debug|Any CPU.ActiveCfg = Debug|Any CPU
		{0BA0FF0C-ADF8-4FF3-98A6-5729C0CF8FDF}.Debug|Any CPU.Build.0 = Debug|Any CPU
		{0BA0FF0C-ADF8-4FF3-98A6-5729C0CF8FDF}.Release|Any CPU.ActiveCfg = Release|Any CPU
		{0BA0FF0C-ADF8-4FF3-98A6-5729C0CF8FDF}.Release|Any CPU.Build.0 = Release|Any CPU
		{793E1492-50E8-47E3-9391-BFCE246F9B8F}.Debug|Any CPU.ActiveCfg = Debug|Any CPU
		{793E1492-50E8-47E3-9391-BFCE246F9B8F}.Debug|Any CPU.Build.0 = Debug|Any CPU
		{793E1492-50E8-47E3-9391-BFCE246F9B8F}.Release|Any CPU.ActiveCfg = Release|Any CPU
		{793E1492-50E8-47E3-9391-BFCE246F9B8F}.Release|Any CPU.Build.0 = Release|Any CPU
		{4CFA85EB-510C-4FE9-B0D6-E50D5F187374}.Debug|Any CPU.ActiveCfg = Debug|Any CPU
		{4CFA85EB-510C-4FE9-B0D6-E50D5F187374}.Debug|Any CPU.Build.0 = Debug|Any CPU
		{4CFA85EB-510C-4FE9-B0D6-E50D5F187374}.Release|Any CPU.ActiveCfg = Release|Any CPU
		{4CFA85EB-510C-4FE9-B0D6-E50D5F187374}.Release|Any CPU.Build.0 = Release|Any CPU
	EndGlobalSection
	GlobalSection(SolutionProperties) = preSolution
		HideSolutionNode = FALSE
	EndGlobalSection
	GlobalSection(NestedProjects) = preSolution
		{3A75262C-B979-4A64-A70E-16ECBAF5CC84} = {5DDE019E-F818-470A-AA6F-95A42B093B9A}
		{E34F668B-0398-4538-9F01-C7F8A5EE9FB6} = {57E1977C-23C8-4AEA-A1B1-36844176A328}
		{B19E9C9A-E35F-45D9-8A2B-941387ECC892} = {F5742FB4-C2D5-4CBD-824C-3372E109778E}
		{A6A0AB4F-AA5B-40ED-8D09-D981DF4C645D} = {F5742FB4-C2D5-4CBD-824C-3372E109778E}
		{5C775ED6-4182-4471-AFF8-E12B3DF73F27} = {F5742FB4-C2D5-4CBD-824C-3372E109778E}
		{0BA0FF0C-ADF8-4FF3-98A6-5729C0CF8FDF} = {5DDE019E-F818-470A-AA6F-95A42B093B9A}
		{793E1492-50E8-47E3-9391-BFCE246F9B8F} = {57E1977C-23C8-4AEA-A1B1-36844176A328}
		{4CFA85EB-510C-4FE9-B0D6-E50D5F187374} = {13A71BB6-3A6C-4AC8-90A7-6698CBD8F4F8}
	EndGlobalSection
	GlobalSection(ExtensibilityGlobals) = postSolution
		SolutionGuid = {E0D29037-9AA7-4E46-AEC3-3A0D6A866D02}
	EndGlobalSection
EndGlobal
